// !$*UTF8*$!
{
	archiveVersion = 1;
	classes = {
	};
	objectVersion = 46;
	objects = {

/* Begin PBXBuildFile section */
		371491651BBBC589007C28AD /* RadarController.swift in Sources */ = {isa = PBXBuildFile; fileRef = 371491641BBBC589007C28AD /* RadarController.swift */; };
		371491671BBBC5B2007C28AD /* RadarView.swift in Sources */ = {isa = PBXBuildFile; fileRef = 371491661BBBC5B2007C28AD /* RadarView.swift */; };
		3714E6E61BB946DB0032ECEE /* SongRoundView.swift in Sources */ = {isa = PBXBuildFile; fileRef = 3714E6E51BB946DB0032ECEE /* SongRoundView.swift */; };
		3714E6E81BB947020032ECEE /* SongRoundView.xib in Resources */ = {isa = PBXBuildFile; fileRef = 3714E6E71BB947020032ECEE /* SongRoundView.xib */; };
		3731FB261BB5A04200294F70 /* Assets.xcassets in Resources */ = {isa = PBXBuildFile; fileRef = 3731FB251BB5A04200294F70 /* Assets.xcassets */; };
		3731FB371BB5A2C700294F70 /* RadarScreenController.swift in Sources */ = {isa = PBXBuildFile; fileRef = 3731FB361BB5A2C700294F70 /* RadarScreenController.swift */; };
		3731FB3B1BB5A67C00294F70 /* HearButtonView.swift in Sources */ = {isa = PBXBuildFile; fileRef = 3731FB3A1BB5A67C00294F70 /* HearButtonView.swift */; };
		3731FB3F1BB5A6B500294F70 /* HearButtonController.swift in Sources */ = {isa = PBXBuildFile; fileRef = 3731FB3E1BB5A6B500294F70 /* HearButtonController.swift */; };
		3731FB501BB5EF4900294F70 /* RadarScreenView.xib in Resources */ = {isa = PBXBuildFile; fileRef = 3731FB4F1BB5EF4900294F70 /* RadarScreenView.xib */; };
		3731FB531BB7DE6E00294F70 /* SongButtonController.swift in Sources */ = {isa = PBXBuildFile; fileRef = 3731FB511BB7DE6E00294F70 /* SongButtonController.swift */; };
		3731FB541BB7DE6E00294F70 /* SongButtonView.swift in Sources */ = {isa = PBXBuildFile; fileRef = 3731FB521BB7DE6E00294F70 /* SongButtonView.swift */; };
		3731FB561BB89B2300294F70 /* SongButtonView.xib in Resources */ = {isa = PBXBuildFile; fileRef = 3731FB551BB89B2300294F70 /* SongButtonView.xib */; };
		3731FB5F1BB8A22700294F70 /* AppDelegate.swift in Sources */ = {isa = PBXBuildFile; fileRef = 3731FB5E1BB8A22700294F70 /* AppDelegate.swift */; };
		3731FB611BB8C08E00294F70 /* Extensions.swift in Sources */ = {isa = PBXBuildFile; fileRef = 3731FB601BB8C08E00294F70 /* Extensions.swift */; };
		374C9F221BB950620010A362 /* CurrentSongButtonController.swift in Sources */ = {isa = PBXBuildFile; fileRef = 374C9F1F1BB950620010A362 /* CurrentSongButtonController.swift */; };
		374C9F231BB950620010A362 /* CurrentSongButtonView.swift in Sources */ = {isa = PBXBuildFile; fileRef = 374C9F201BB950620010A362 /* CurrentSongButtonView.swift */; };
		3751ADC91BBBD15C00B6B82C /* Functions.swift in Sources */ = {isa = PBXBuildFile; fileRef = 3751ADC81BBBD15C00B6B82C /* Functions.swift */; };
		376851A31BBBE23300093511 /* RadarCell.swift in Sources */ = {isa = PBXBuildFile; fileRef = 376851A21BBBE23300093511 /* RadarCell.swift */; };
		376C07E31BBA83F100AD1DB1 /* DAOGenre.swift in Sources */ = {isa = PBXBuildFile; fileRef = 376C07DB1BBA83F100AD1DB1 /* DAOGenre.swift */; };
		376C07E41BBA83F100AD1DB1 /* DAOSong.swift in Sources */ = {isa = PBXBuildFile; fileRef = 376C07DC1BBA83F100AD1DB1 /* DAOSong.swift */; };
		376C07E51BBA83F100AD1DB1 /* DAOStory.swift in Sources */ = {isa = PBXBuildFile; fileRef = 376C07DD1BBA83F100AD1DB1 /* DAOStory.swift */; };
		376C07E61BBA83F100AD1DB1 /* DAOUser.swift in Sources */ = {isa = PBXBuildFile; fileRef = 376C07DE1BBA83F100AD1DB1 /* DAOUser.swift */; };
		376C07E71BBA83F100AD1DB1 /* Genre.swift in Sources */ = {isa = PBXBuildFile; fileRef = 376C07DF1BBA83F100AD1DB1 /* Genre.swift */; };
		376C07E81BBA83F100AD1DB1 /* Song.swift in Sources */ = {isa = PBXBuildFile; fileRef = 376C07E01BBA83F100AD1DB1 /* Song.swift */; };
		376C07E91BBA83F100AD1DB1 /* Story.swift in Sources */ = {isa = PBXBuildFile; fileRef = 376C07E11BBA83F100AD1DB1 /* Story.swift */; };
		376C07EA1BBA83F100AD1DB1 /* User.swift in Sources */ = {isa = PBXBuildFile; fileRef = 376C07E21BBA83F100AD1DB1 /* User.swift */; };
		376C07EB1BBA84D500AD1DB1 /* LaunchScreen.storyboard in Resources */ = {isa = PBXBuildFile; fileRef = 3731FB271BB5A04200294F70 /* LaunchScreen.storyboard */; };
		376C07ED1BBBAD0700AD1DB1 /* SongRoundController.swift in Sources */ = {isa = PBXBuildFile; fileRef = 376C07EC1BBBAD0700AD1DB1 /* SongRoundController.swift */; };
		37A430D61BBBD54900E9F108 /* RadarLayout.swift in Sources */ = {isa = PBXBuildFile; fileRef = 37A430D51BBBD54900E9F108 /* RadarLayout.swift */; };
/* End PBXBuildFile section */

/* Begin PBXFileReference section */
		371491641BBBC589007C28AD /* RadarController.swift */ = {isa = PBXFileReference; fileEncoding = 4; lastKnownFileType = sourcecode.swift; path = RadarController.swift; sourceTree = "<group>"; };
		371491661BBBC5B2007C28AD /* RadarView.swift */ = {isa = PBXFileReference; fileEncoding = 4; lastKnownFileType = sourcecode.swift; path = RadarView.swift; sourceTree = "<group>"; };
		3714E6E51BB946DB0032ECEE /* SongRoundView.swift */ = {isa = PBXFileReference; fileEncoding = 4; lastKnownFileType = sourcecode.swift; path = SongRoundView.swift; sourceTree = "<group>"; };
		3714E6E71BB947020032ECEE /* SongRoundView.xib */ = {isa = PBXFileReference; fileEncoding = 4; lastKnownFileType = file.xib; path = SongRoundView.xib; sourceTree = "<group>"; };
		3731FB1B1BB5A04200294F70 /* Hear.app */ = {isa = PBXFileReference; explicitFileType = wrapper.application; includeInIndex = 0; path = Hear.app; sourceTree = BUILT_PRODUCTS_DIR; };
		3731FB251BB5A04200294F70 /* Assets.xcassets */ = {isa = PBXFileReference; lastKnownFileType = folder.assetcatalog; path = Assets.xcassets; sourceTree = "<group>"; };
		3731FB281BB5A04200294F70 /* Base */ = {isa = PBXFileReference; lastKnownFileType = file.storyboard; name = Base; path = Base.lproj/LaunchScreen.storyboard; sourceTree = "<group>"; };
		3731FB2A1BB5A04200294F70 /* Info.plist */ = {isa = PBXFileReference; lastKnownFileType = text.plist.xml; path = Info.plist; sourceTree = "<group>"; };
		3731FB361BB5A2C700294F70 /* RadarScreenController.swift */ = {isa = PBXFileReference; fileEncoding = 4; lastKnownFileType = sourcecode.swift; path = RadarScreenController.swift; sourceTree = "<group>"; };
		3731FB3A1BB5A67C00294F70 /* HearButtonView.swift */ = {isa = PBXFileReference; fileEncoding = 4; lastKnownFileType = sourcecode.swift; path = HearButtonView.swift; sourceTree = "<group>"; };
		3731FB3E1BB5A6B500294F70 /* HearButtonController.swift */ = {isa = PBXFileReference; fileEncoding = 4; lastKnownFileType = sourcecode.swift; path = HearButtonController.swift; sourceTree = "<group>"; };
		3731FB4F1BB5EF4900294F70 /* RadarScreenView.xib */ = {isa = PBXFileReference; fileEncoding = 4; lastKnownFileType = file.xib; path = RadarScreenView.xib; sourceTree = "<group>"; };
		3731FB511BB7DE6E00294F70 /* SongButtonController.swift */ = {isa = PBXFileReference; fileEncoding = 4; lastKnownFileType = sourcecode.swift; path = SongButtonController.swift; sourceTree = "<group>"; };
		3731FB521BB7DE6E00294F70 /* SongButtonView.swift */ = {isa = PBXFileReference; fileEncoding = 4; lastKnownFileType = sourcecode.swift; path = SongButtonView.swift; sourceTree = "<group>"; };
		3731FB551BB89B2300294F70 /* SongButtonView.xib */ = {isa = PBXFileReference; fileEncoding = 4; lastKnownFileType = file.xib; path = SongButtonView.xib; sourceTree = "<group>"; };
		3731FB5E1BB8A22700294F70 /* AppDelegate.swift */ = {isa = PBXFileReference; fileEncoding = 4; lastKnownFileType = sourcecode.swift; path = AppDelegate.swift; sourceTree = "<group>"; };
		3731FB601BB8C08E00294F70 /* Extensions.swift */ = {isa = PBXFileReference; fileEncoding = 4; lastKnownFileType = sourcecode.swift; path = Extensions.swift; sourceTree = "<group>"; };
		374C9F1F1BB950620010A362 /* CurrentSongButtonController.swift */ = {isa = PBXFileReference; fileEncoding = 4; lastKnownFileType = sourcecode.swift; path = CurrentSongButtonController.swift; sourceTree = "<group>"; };
		374C9F201BB950620010A362 /* CurrentSongButtonView.swift */ = {isa = PBXFileReference; fileEncoding = 4; lastKnownFileType = sourcecode.swift; path = CurrentSongButtonView.swift; sourceTree = "<group>"; };
		3751ADC81BBBD15C00B6B82C /* Functions.swift */ = {isa = PBXFileReference; fileEncoding = 4; lastKnownFileType = sourcecode.swift; path = Functions.swift; sourceTree = "<group>"; };
		376851A21BBBE23300093511 /* RadarCell.swift */ = {isa = PBXFileReference; fileEncoding = 4; lastKnownFileType = sourcecode.swift; path = RadarCell.swift; sourceTree = "<group>"; };
		376C07DB1BBA83F100AD1DB1 /* DAOGenre.swift */ = {isa = PBXFileReference; fileEncoding = 4; lastKnownFileType = sourcecode.swift; path = DAOGenre.swift; sourceTree = "<group>"; };
		376C07DC1BBA83F100AD1DB1 /* DAOSong.swift */ = {isa = PBXFileReference; fileEncoding = 4; lastKnownFileType = sourcecode.swift; path = DAOSong.swift; sourceTree = "<group>"; };
		376C07DD1BBA83F100AD1DB1 /* DAOStory.swift */ = {isa = PBXFileReference; fileEncoding = 4; lastKnownFileType = sourcecode.swift; path = DAOStory.swift; sourceTree = "<group>"; };
		376C07DE1BBA83F100AD1DB1 /* DAOUser.swift */ = {isa = PBXFileReference; fileEncoding = 4; lastKnownFileType = sourcecode.swift; path = DAOUser.swift; sourceTree = "<group>"; };
		376C07DF1BBA83F100AD1DB1 /* Genre.swift */ = {isa = PBXFileReference; fileEncoding = 4; lastKnownFileType = sourcecode.swift; path = Genre.swift; sourceTree = "<group>"; };
		376C07E01BBA83F100AD1DB1 /* Song.swift */ = {isa = PBXFileReference; fileEncoding = 4; lastKnownFileType = sourcecode.swift; path = Song.swift; sourceTree = "<group>"; };
		376C07E11BBA83F100AD1DB1 /* Story.swift */ = {isa = PBXFileReference; fileEncoding = 4; lastKnownFileType = sourcecode.swift; path = Story.swift; sourceTree = "<group>"; };
		376C07E21BBA83F100AD1DB1 /* User.swift */ = {isa = PBXFileReference; fileEncoding = 4; lastKnownFileType = sourcecode.swift; path = User.swift; sourceTree = "<group>"; };
		376C07EC1BBBAD0700AD1DB1 /* SongRoundController.swift */ = {isa = PBXFileReference; fileEncoding = 4; lastKnownFileType = sourcecode.swift; path = SongRoundController.swift; sourceTree = "<group>"; };
		37A430D51BBBD54900E9F108 /* RadarLayout.swift */ = {isa = PBXFileReference; fileEncoding = 4; lastKnownFileType = sourcecode.swift; path = RadarLayout.swift; sourceTree = "<group>"; };
/* End PBXFileReference section */

/* Begin PBXFrameworksBuildPhase section */
		3731FB181BB5A04200294F70 /* Frameworks */ = {
			isa = PBXFrameworksBuildPhase;
			buildActionMask = 2147483647;
			files = (
			);
			runOnlyForDeploymentPostprocessing = 0;
		};
/* End PBXFrameworksBuildPhase section */

/* Begin PBXGroup section */
		371491631BBBC577007C28AD /* Radar */ = {
			isa = PBXGroup;
			children = (
				371491641BBBC589007C28AD /* RadarController.swift */,
				37A430D51BBBD54900E9F108 /* RadarLayout.swift */,
				376851A21BBBE23300093511 /* RadarCell.swift */,
				371491661BBBC5B2007C28AD /* RadarView.swift */,
			);
			path = Radar;
			sourceTree = "<group>";
		};
		3714E6E41BB946BE0032ECEE /* SongRound */ = {
			isa = PBXGroup;
			children = (
				376C07EC1BBBAD0700AD1DB1 /* SongRoundController.swift */,
				3714E6E51BB946DB0032ECEE /* SongRoundView.swift */,
				3714E6E71BB947020032ECEE /* SongRoundView.xib */,
			);
			path = SongRound;
			sourceTree = "<group>";
		};
		3731FB121BB5A04200294F70 = {
			isa = PBXGroup;
			children = (
				3731FB1D1BB5A04200294F70 /* Hear */,
				3731FB1C1BB5A04200294F70 /* Products */,
			);
			sourceTree = "<group>";
		};
		3731FB1C1BB5A04200294F70 /* Products */ = {
			isa = PBXGroup;
			children = (
				3731FB1B1BB5A04200294F70 /* Hear.app */,
			);
			name = Products;
			sourceTree = "<group>";
		};
		3731FB1D1BB5A04200294F70 /* Hear */ = {
			isa = PBXGroup;
			children = (
				3731FB401BB5A70B00294F70 /* Library */,
				3731FB311BB5A27100294F70 /* API */,
				3731FB321BB5A27100294F70 /* Components */,
				376C07DA1BBA83F100AD1DB1 /* Model */,
				3731FB331BB5A27100294F70 /* Controllers */,
				3731FB351BB5A27100294F70 /* Views */,
				3731FB271BB5A04200294F70 /* LaunchScreen.storyboard */,
				3731FB251BB5A04200294F70 /* Assets.xcassets */,
				3731FB2A1BB5A04200294F70 /* Info.plist */,
				3731FB5E1BB8A22700294F70 /* AppDelegate.swift */,
			);
			path = Hear;
			sourceTree = "<group>";
		};
		3731FB311BB5A27100294F70 /* API */ = {
			isa = PBXGroup;
			children = (
			);
			path = API;
			sourceTree = "<group>";
		};
		3731FB321BB5A27100294F70 /* Components */ = {
			isa = PBXGroup;
			children = (
				3731FB381BB5A65900294F70 /* HearButton */,
				3714E6E41BB946BE0032ECEE /* SongRound */,
				3731FB391BB5A65900294F70 /* SongButton */,
				374C9F1E1BB950620010A362 /* CurrentSongButton */,
				371491631BBBC577007C28AD /* Radar */,
			);
			path = Components;
			sourceTree = "<group>";
		};
		3731FB331BB5A27100294F70 /* Controllers */ = {
			isa = PBXGroup;
			children = (
				3731FB361BB5A2C700294F70 /* RadarScreenController.swift */,
			);
			path = Controllers;
			sourceTree = "<group>";
		};
		3731FB351BB5A27100294F70 /* Views */ = {
			isa = PBXGroup;
			children = (
				3731FB4F1BB5EF4900294F70 /* RadarScreenView.xib */,
			);
			path = Views;
			sourceTree = "<group>";
		};
		3731FB381BB5A65900294F70 /* HearButton */ = {
			isa = PBXGroup;
			children = (
				3731FB3E1BB5A6B500294F70 /* HearButtonController.swift */,
				3731FB3A1BB5A67C00294F70 /* HearButtonView.swift */,
			);
			path = HearButton;
			sourceTree = "<group>";
		};
		3731FB391BB5A65900294F70 /* SongButton */ = {
			isa = PBXGroup;
			children = (
				3731FB511BB7DE6E00294F70 /* SongButtonController.swift */,
				3731FB521BB7DE6E00294F70 /* SongButtonView.swift */,
				3731FB551BB89B2300294F70 /* SongButtonView.xib */,
			);
			path = SongButton;
			sourceTree = "<group>";
		};
		3731FB401BB5A70B00294F70 /* Library */ = {
			isa = PBXGroup;
			children = (
				3731FB601BB8C08E00294F70 /* Extensions.swift */,
				3751ADC81BBBD15C00B6B82C /* Functions.swift */,
			);
			path = Library;
			sourceTree = "<group>";
		};
		374C9F1E1BB950620010A362 /* CurrentSongButton */ = {
			isa = PBXGroup;
			children = (
				374C9F1F1BB950620010A362 /* CurrentSongButtonController.swift */,
				374C9F201BB950620010A362 /* CurrentSongButtonView.swift */,
			);
			path = CurrentSongButton;
			sourceTree = "<group>";
		};
		376C07DA1BBA83F100AD1DB1 /* Model */ = {
			isa = PBXGroup;
			children = (
				376C07DB1BBA83F100AD1DB1 /* DAOGenre.swift */,
				376C07DF1BBA83F100AD1DB1 /* Genre.swift */,
				376C07DC1BBA83F100AD1DB1 /* DAOSong.swift */,
				376C07E01BBA83F100AD1DB1 /* Song.swift */,
				376C07DD1BBA83F100AD1DB1 /* DAOStory.swift */,
				376C07E11BBA83F100AD1DB1 /* Story.swift */,
				376C07DE1BBA83F100AD1DB1 /* DAOUser.swift */,
				376C07E21BBA83F100AD1DB1 /* User.swift */,
			);
			name = Model;
			path = Models;
			sourceTree = "<group>";
		};
/* End PBXGroup section */

/* Begin PBXNativeTarget section */
		3731FB1A1BB5A04200294F70 /* Hear */ = {
			isa = PBXNativeTarget;
			buildConfigurationList = 3731FB2D1BB5A04200294F70 /* Build configuration list for PBXNativeTarget "Hear" */;
			buildPhases = (
				3731FB171BB5A04200294F70 /* Sources */,
				3731FB181BB5A04200294F70 /* Frameworks */,
				3731FB191BB5A04200294F70 /* Resources */,
			);
			buildRules = (
			);
			dependencies = (
			);
			name = Hear;
			productName = Hear;
			productReference = 3731FB1B1BB5A04200294F70 /* Hear.app */;
			productType = "com.apple.product-type.application";
		};
/* End PBXNativeTarget section */

/* Begin PBXProject section */
		3731FB131BB5A04200294F70 /* Project object */ = {
			isa = PBXProject;
			attributes = {
				LastUpgradeCheck = 0700;
				ORGANIZATIONNAME = Hear;
				TargetAttributes = {
					3731FB1A1BB5A04200294F70 = {
						CreatedOnToolsVersion = 7.0;
						DevelopmentTeam = 427LPJP8S9;
					};
				};
			};
			buildConfigurationList = 3731FB161BB5A04200294F70 /* Build configuration list for PBXProject "Hear" */;
			compatibilityVersion = "Xcode 3.2";
			developmentRegion = English;
			hasScannedForEncodings = 0;
			knownRegions = (
				en,
				Base,
			);
			mainGroup = 3731FB121BB5A04200294F70;
			productRefGroup = 3731FB1C1BB5A04200294F70 /* Products */;
			projectDirPath = "";
			projectRoot = "";
			targets = (
				3731FB1A1BB5A04200294F70 /* Hear */,
			);
		};
/* End PBXProject section */

/* Begin PBXResourcesBuildPhase section */
		3731FB191BB5A04200294F70 /* Resources */ = {
			isa = PBXResourcesBuildPhase;
			buildActionMask = 2147483647;
			files = (
				376C07EB1BBA84D500AD1DB1 /* LaunchScreen.storyboard in Resources */,
				3731FB501BB5EF4900294F70 /* RadarScreenView.xib in Resources */,
				3731FB561BB89B2300294F70 /* SongButtonView.xib in Resources */,
				3731FB261BB5A04200294F70 /* Assets.xcassets in Resources */,
				3714E6E81BB947020032ECEE /* SongRoundView.xib in Resources */,
			);
			runOnlyForDeploymentPostprocessing = 0;
		};
/* End PBXResourcesBuildPhase section */

/* Begin PBXSourcesBuildPhase section */
		3731FB171BB5A04200294F70 /* Sources */ = {
			isa = PBXSourcesBuildPhase;
			buildActionMask = 2147483647;
			files = (
				376C07E81BBA83F100AD1DB1 /* Song.swift in Sources */,
				376C07E71BBA83F100AD1DB1 /* Genre.swift in Sources */,
				3731FB531BB7DE6E00294F70 /* SongButtonController.swift in Sources */,
				37A430D61BBBD54900E9F108 /* RadarLayout.swift in Sources */,
				3714E6E61BB946DB0032ECEE /* SongRoundView.swift in Sources */,
				376C07ED1BBBAD0700AD1DB1 /* SongRoundController.swift in Sources */,
				3731FB3B1BB5A67C00294F70 /* HearButtonView.swift in Sources */,
				3731FB611BB8C08E00294F70 /* Extensions.swift in Sources */,
				376C07EA1BBA83F100AD1DB1 /* User.swift in Sources */,
				374C9F221BB950620010A362 /* CurrentSongButtonController.swift in Sources */,
				374C9F231BB950620010A362 /* CurrentSongButtonView.swift in Sources */,
				3731FB3F1BB5A6B500294F70 /* HearButtonController.swift in Sources */,
				3731FB541BB7DE6E00294F70 /* SongButtonView.swift in Sources */,
				3731FB371BB5A2C700294F70 /* RadarScreenController.swift in Sources */,
				3731FB5F1BB8A22700294F70 /* AppDelegate.swift in Sources */,
				371491651BBBC589007C28AD /* RadarController.swift in Sources */,
				3751ADC91BBBD15C00B6B82C /* Functions.swift in Sources */,
				376C07E61BBA83F100AD1DB1 /* DAOUser.swift in Sources */,
				371491671BBBC5B2007C28AD /* RadarView.swift in Sources */,
				376C07E41BBA83F100AD1DB1 /* DAOSong.swift in Sources */,
				376851A31BBBE23300093511 /* RadarCell.swift in Sources */,
				376C07E31BBA83F100AD1DB1 /* DAOGenre.swift in Sources */,
				376C07E91BBA83F100AD1DB1 /* Story.swift in Sources */,
				376C07E51BBA83F100AD1DB1 /* DAOStory.swift in Sources */,
			);
			runOnlyForDeploymentPostprocessing = 0;
		};
/* End PBXSourcesBuildPhase section */

/* Begin PBXVariantGroup section */
		3731FB271BB5A04200294F70 /* LaunchScreen.storyboard */ = {
			isa = PBXVariantGroup;
			children = (
				3731FB281BB5A04200294F70 /* Base */,
			);
			name = LaunchScreen.storyboard;
			sourceTree = "<group>";
		};
/* End PBXVariantGroup section */

/* Begin XCBuildConfiguration section */
		3731FB2B1BB5A04200294F70 /* Debug */ = {
			isa = XCBuildConfiguration;
			buildSettings = {
				ALWAYS_SEARCH_USER_PATHS = NO;
				CLANG_CXX_LANGUAGE_STANDARD = "gnu++0x";
				CLANG_CXX_LIBRARY = "libc++";
				CLANG_ENABLE_MODULES = YES;
				CLANG_ENABLE_OBJC_ARC = YES;
				CLANG_WARN_BOOL_CONVERSION = YES;
				CLANG_WARN_CONSTANT_CONVERSION = YES;
				CLANG_WARN_DIRECT_OBJC_ISA_USAGE = YES_ERROR;
				CLANG_WARN_EMPTY_BODY = YES;
				CLANG_WARN_ENUM_CONVERSION = YES;
				CLANG_WARN_INT_CONVERSION = YES;
				CLANG_WARN_OBJC_ROOT_CLASS = YES_ERROR;
				CLANG_WARN_UNREACHABLE_CODE = YES;
				CLANG_WARN__DUPLICATE_METHOD_MATCH = YES;
				"CODE_SIGN_IDENTITY[sdk=iphoneos*]" = "iPhone Developer";
				COPY_PHASE_STRIP = NO;
				DEBUG_INFORMATION_FORMAT = dwarf;
				ENABLE_STRICT_OBJC_MSGSEND = YES;
				ENABLE_TESTABILITY = YES;
				GCC_C_LANGUAGE_STANDARD = gnu99;
				GCC_DYNAMIC_NO_PIC = NO;
				GCC_NO_COMMON_BLOCKS = YES;
				GCC_OPTIMIZATION_LEVEL = 0;
				GCC_PREPROCESSOR_DEFINITIONS = (
					"DEBUG=1",
					"$(inherited)",
				);
				GCC_WARN_64_TO_32_BIT_CONVERSION = YES;
				GCC_WARN_ABOUT_RETURN_TYPE = YES_ERROR;
				GCC_WARN_UNDECLARED_SELECTOR = YES;
				GCC_WARN_UNINITIALIZED_AUTOS = YES_AGGRESSIVE;
				GCC_WARN_UNUSED_FUNCTION = YES;
				GCC_WARN_UNUSED_VARIABLE = YES;
				IPHONEOS_DEPLOYMENT_TARGET = 9.0;
				MTL_ENABLE_DEBUG_INFO = YES;
				ONLY_ACTIVE_ARCH = YES;
				SDKROOT = iphoneos;
				SWIFT_OPTIMIZATION_LEVEL = "-Onone";
			};
			name = Debug;
		};
		3731FB2C1BB5A04200294F70 /* Release */ = {
			isa = XCBuildConfiguration;
			buildSettings = {
				ALWAYS_SEARCH_USER_PATHS = NO;
				CLANG_CXX_LANGUAGE_STANDARD = "gnu++0x";
				CLANG_CXX_LIBRARY = "libc++";
				CLANG_ENABLE_MODULES = YES;
				CLANG_ENABLE_OBJC_ARC = YES;
				CLANG_WARN_BOOL_CONVERSION = YES;
				CLANG_WARN_CONSTANT_CONVERSION = YES;
				CLANG_WARN_DIRECT_OBJC_ISA_USAGE = YES_ERROR;
				CLANG_WARN_EMPTY_BODY = YES;
				CLANG_WARN_ENUM_CONVERSION = YES;
				CLANG_WARN_INT_CONVERSION = YES;
				CLANG_WARN_OBJC_ROOT_CLASS = YES_ERROR;
				CLANG_WARN_UNREACHABLE_CODE = YES;
				CLANG_WARN__DUPLICATE_METHOD_MATCH = YES;
				"CODE_SIGN_IDENTITY[sdk=iphoneos*]" = "iPhone Developer";
				COPY_PHASE_STRIP = NO;
				DEBUG_INFORMATION_FORMAT = "dwarf-with-dsym";
				ENABLE_NS_ASSERTIONS = NO;
				ENABLE_STRICT_OBJC_MSGSEND = YES;
				GCC_C_LANGUAGE_STANDARD = gnu99;
				GCC_NO_COMMON_BLOCKS = YES;
				GCC_WARN_64_TO_32_BIT_CONVERSION = YES;
				GCC_WARN_ABOUT_RETURN_TYPE = YES_ERROR;
				GCC_WARN_UNDECLARED_SELECTOR = YES;
				GCC_WARN_UNINITIALIZED_AUTOS = YES_AGGRESSIVE;
				GCC_WARN_UNUSED_FUNCTION = YES;
				GCC_WARN_UNUSED_VARIABLE = YES;
				IPHONEOS_DEPLOYMENT_TARGET = 9.0;
				MTL_ENABLE_DEBUG_INFO = NO;
				SDKROOT = iphoneos;
				VALIDATE_PRODUCT = YES;
			};
			name = Release;
		};
		3731FB2E1BB5A04200294F70 /* Debug */ = {
			isa = XCBuildConfiguration;
			buildSettings = {
				ASSETCATALOG_COMPILER_APPICON_NAME = AppIcon;
				CODE_SIGN_IDENTITY = "iPhone Developer";
				"CODE_SIGN_IDENTITY[sdk=iphoneos*]" = "iPhone Developer";
				INFOPLIST_FILE = Hear/Info.plist;
				IPHONEOS_DEPLOYMENT_TARGET = 8.0;
				LD_RUNPATH_SEARCH_PATHS = "$(inherited) @executable_path/Frameworks";
				PRODUCT_BUNDLE_IDENTIFIER = Hear.Hear;
				PRODUCT_NAME = "$(TARGET_NAME)";
				PROVISIONING_PROFILE = "";
				TARGETED_DEVICE_FAMILY = 1;
			};
			name = Debug;
		};
		3731FB2F1BB5A04200294F70 /* Release */ = {
			isa = XCBuildConfiguration;
			buildSettings = {
				ASSETCATALOG_COMPILER_APPICON_NAME = AppIcon;
				CODE_SIGN_IDENTITY = "iPhone Developer";
				"CODE_SIGN_IDENTITY[sdk=iphoneos*]" = "iPhone Developer";
				INFOPLIST_FILE = Hear/Info.plist;
				IPHONEOS_DEPLOYMENT_TARGET = 8.0;
				LD_RUNPATH_SEARCH_PATHS = "$(inherited) @executable_path/Frameworks";
				PRODUCT_BUNDLE_IDENTIFIER = Hear.Hear;
				PRODUCT_NAME = "$(TARGET_NAME)";
				PROVISIONING_PROFILE = "";
				TARGETED_DEVICE_FAMILY = 1;
			};
			name = Release;
		};
/* End XCBuildConfiguration section */

/* Begin XCConfigurationList section */
		3731FB161BB5A04200294F70 /* Build configuration list for PBXProject "Hear" */ = {
			isa = XCConfigurationList;
			buildConfigurations = (
				3731FB2B1BB5A04200294F70 /* Debug */,
				3731FB2C1BB5A04200294F70 /* Release */,
			);
			defaultConfigurationIsVisible = 0;
			defaultConfigurationName = Release;
		};
		3731FB2D1BB5A04200294F70 /* Build configuration list for PBXNativeTarget "Hear" */ = {
			isa = XCConfigurationList;
			buildConfigurations = (
				3731FB2E1BB5A04200294F70 /* Debug */,
				3731FB2F1BB5A04200294F70 /* Release */,
			);
			defaultConfigurationIsVisible = 0;
			defaultConfigurationName = Release;
		};
/* End XCConfigurationList section */
	};
	rootObject = 3731FB131BB5A04200294F70 /* Project object */;
}
